
Microsoft Visual Studio Solution File, Format Version 12.00
# Visual Studio Version 16
VisualStudioVersion = 16.0.29709.97
MinimumVisualStudioVersion = 10.0.40219.1
Project("{FAE04EC0-301F-11D3-BF4B-00C04F79EFBC}") = "Swisschain.Extensions.Testing", "src\Swisschain.Extensions.Testing\Swisschain.Extensions.Testing.csproj", "{5001BDA1-8D93-46C7-9973-A0896571B757}"
EndProject
Global
	GlobalSection(SolutionConfigurationPlatforms) = preSolution
		Debug|Any CPU = Debug|Any CPU
		Release|Any CPU = Release|Any CPU
	EndGlobalSection
	GlobalSection(ProjectConfigurationPlatforms) = postSolution
		{5001BDA1-8D93-46C7-9973-A0896571B757}.Debug|Any CPU.ActiveCfg = Debug|Any CPU
		{5001BDA1-8D93-46C7-9973-A0896571B757}.Debug|Any CPU.Build.0 = Debug|Any CPU
		{5001BDA1-8D93-46C7-9973-A0896571B757}.Release|Any CPU.ActiveCfg = Release|Any CPU
		{5001BDA1-8D93-46C7-9973-A0896571B757}.Release|Any CPU.Build.0 = Release|Any CPU
	EndGlobalSection
	GlobalSection(SolutionProperties) = preSolution
		HideSolutionNode = FALSE
	EndGlobalSection
	GlobalSection(ExtensibilityGlobals) = postSolution
		SolutionGuid = {7CAAE853-92DF-442C-9DF3-F8F7D5584A29}
	EndGlobalSection
EndGlobal
